// !$*UTF8*$!
{
	archiveVersion = 1;
	classes = {
	};
	objectVersion = 46;
	objects = {

/* Begin PBXBuildFile section */
		C49E7B411F2C477E00915763 /* AppDelegate.swift in Sources */ = {isa = PBXBuildFile; fileRef = C49E7B401F2C477E00915763 /* AppDelegate.swift */; };
		C49E7B431F2C477E00915763 /* FirstViewController.swift in Sources */ = {isa = PBXBuildFile; fileRef = C49E7B421F2C477E00915763 /* FirstViewController.swift */; };
		C49E7B451F2C477E00915763 /* SecondViewController.swift in Sources */ = {isa = PBXBuildFile; fileRef = C49E7B441F2C477E00915763 /* SecondViewController.swift */; };
		C49E7B481F2C477E00915763 /* Main.storyboard in Resources */ = {isa = PBXBuildFile; fileRef = C49E7B461F2C477E00915763 /* Main.storyboard */; };
		C49E7B4A1F2C477E00915763 /* Assets.xcassets in Resources */ = {isa = PBXBuildFile; fileRef = C49E7B491F2C477E00915763 /* Assets.xcassets */; };
		C49E7B4D1F2C477E00915763 /* LaunchScreen.storyboard in Resources */ = {isa = PBXBuildFile; fileRef = C49E7B4B1F2C477E00915763 /* LaunchScreen.storyboard */; };
		C49E7B581F2C477E00915763 /* Pantheon_Auction_HouseTests.swift in Sources */ = {isa = PBXBuildFile; fileRef = C49E7B571F2C477E00915763 /* Pantheon_Auction_HouseTests.swift */; };
		C49E7B631F2C477E00915763 /* Pantheon_Auction_HouseUITests.swift in Sources */ = {isa = PBXBuildFile; fileRef = C49E7B621F2C477E00915763 /* Pantheon_Auction_HouseUITests.swift */; };
/* End PBXBuildFile section */

/* Begin PBXContainerItemProxy section */
		C49E7B541F2C477E00915763 /* PBXContainerItemProxy */ = {
			isa = PBXContainerItemProxy;
			containerPortal = C49E7B351F2C477E00915763 /* Project object */;
			proxyType = 1;
			remoteGlobalIDString = C49E7B3C1F2C477E00915763;
			remoteInfo = "Pantheon Auction House";
		};
		C49E7B5F1F2C477E00915763 /* PBXContainerItemProxy */ = {
			isa = PBXContainerItemProxy;
			containerPortal = C49E7B351F2C477E00915763 /* Project object */;
			proxyType = 1;
			remoteGlobalIDString = C49E7B3C1F2C477E00915763;
			remoteInfo = "Pantheon Auction House";
		};
/* End PBXContainerItemProxy section */

/* Begin PBXFileReference section */
		C49E7B3D1F2C477E00915763 /* Pantheon Auction House.app */ = {isa = PBXFileReference; explicitFileType = wrapper.application; includeInIndex = 0; path = "Pantheon Auction House.app"; sourceTree = BUILT_PRODUCTS_DIR; };
		C49E7B401F2C477E00915763 /* AppDelegate.swift */ = {isa = PBXFileReference; lastKnownFileType = sourcecode.swift; path = AppDelegate.swift; sourceTree = "<group>"; };
		C49E7B421F2C477E00915763 /* FirstViewController.swift */ = {isa = PBXFileReference; lastKnownFileType = sourcecode.swift; path = FirstViewController.swift; sourceTree = "<group>"; };
		C49E7B441F2C477E00915763 /* SecondViewController.swift */ = {isa = PBXFileReference; lastKnownFileType = sourcecode.swift; path = SecondViewController.swift; sourceTree = "<group>"; };
		C49E7B471F2C477E00915763 /* Base */ = {isa = PBXFileReference; lastKnownFileType = file.storyboard; name = Base; path = Base.lproj/Main.storyboard; sourceTree = "<group>"; };
		C49E7B491F2C477E00915763 /* Assets.xcassets */ = {isa = PBXFileReference; lastKnownFileType = folder.assetcatalog; path = Assets.xcassets; sourceTree = "<group>"; };
		C49E7B4C1F2C477E00915763 /* Base */ = {isa = PBXFileReference; lastKnownFileType = file.storyboard; name = Base; path = Base.lproj/LaunchScreen.storyboard; sourceTree = "<group>"; };
		C49E7B4E1F2C477E00915763 /* Info.plist */ = {isa = PBXFileReference; lastKnownFileType = text.plist.xml; path = Info.plist; sourceTree = "<group>"; };
		C49E7B531F2C477E00915763 /* Pantheon Auction HouseTests.xctest */ = {isa = PBXFileReference; explicitFileType = wrapper.cfbundle; includeInIndex = 0; path = "Pantheon Auction HouseTests.xctest"; sourceTree = BUILT_PRODUCTS_DIR; };
		C49E7B571F2C477E00915763 /* Pantheon_Auction_HouseTests.swift */ = {isa = PBXFileReference; lastKnownFileType = sourcecode.swift; path = Pantheon_Auction_HouseTests.swift; sourceTree = "<group>"; };
		C49E7B591F2C477E00915763 /* Info.plist */ = {isa = PBXFileReference; lastKnownFileType = text.plist.xml; path = Info.plist; sourceTree = "<group>"; };
		C49E7B5E1F2C477E00915763 /* Pantheon Auction HouseUITests.xctest */ = {isa = PBXFileReference; explicitFileType = wrapper.cfbundle; includeInIndex = 0; path = "Pantheon Auction HouseUITests.xctest"; sourceTree = BUILT_PRODUCTS_DIR; };
		C49E7B621F2C477E00915763 /* Pantheon_Auction_HouseUITests.swift */ = {isa = PBXFileReference; lastKnownFileType = sourcecode.swift; path = Pantheon_Auction_HouseUITests.swift; sourceTree = "<group>"; };
		C49E7B641F2C477E00915763 /* Info.plist */ = {isa = PBXFileReference; lastKnownFileType = text.plist.xml; path = Info.plist; sourceTree = "<group>"; };
/* End PBXFileReference section */

/* Begin PBXFrameworksBuildPhase section */
		C49E7B3A1F2C477E00915763 /* Frameworks */ = {
			isa = PBXFrameworksBuildPhase;
			buildActionMask = 2147483647;
			files = (
			);
			runOnlyForDeploymentPostprocessing = 0;
		};
		C49E7B501F2C477E00915763 /* Frameworks */ = {
			isa = PBXFrameworksBuildPhase;
			buildActionMask = 2147483647;
			files = (
			);
			runOnlyForDeploymentPostprocessing = 0;
		};
		C49E7B5B1F2C477E00915763 /* Frameworks */ = {
			isa = PBXFrameworksBuildPhase;
			buildActionMask = 2147483647;
			files = (
			);
			runOnlyForDeploymentPostprocessing = 0;
		};
/* End PBXFrameworksBuildPhase section */

/* Begin PBXGroup section */
		C49E7B341F2C477E00915763 = {
			isa = PBXGroup;
			children = (
				C49E7B3F1F2C477E00915763 /* Pantheon Auction House */,
				C49E7B561F2C477E00915763 /* Pantheon Auction HouseTests */,
				C49E7B611F2C477E00915763 /* Pantheon Auction HouseUITests */,
				C49E7B3E1F2C477E00915763 /* Products */,
			);
			sourceTree = "<group>";
		};
		C49E7B3E1F2C477E00915763 /* Products */ = {
			isa = PBXGroup;
			children = (
				C49E7B3D1F2C477E00915763 /* Pantheon Auction House.app */,
				C49E7B531F2C477E00915763 /* Pantheon Auction HouseTests.xctest */,
				C49E7B5E1F2C477E00915763 /* Pantheon Auction HouseUITests.xctest */,
			);
			name = Products;
			sourceTree = "<group>";
		};
		C49E7B3F1F2C477E00915763 /* Pantheon Auction House */ = {
			isa = PBXGroup;
			children = (
				C49E7B401F2C477E00915763 /* AppDelegate.swift */,
				C49E7B421F2C477E00915763 /* FirstViewController.swift */,
				C49E7B441F2C477E00915763 /* SecondViewController.swift */,
				C49E7B461F2C477E00915763 /* Main.storyboard */,
				C49E7B491F2C477E00915763 /* Assets.xcassets */,
				C49E7B4B1F2C477E00915763 /* LaunchScreen.storyboard */,
				C49E7B4E1F2C477E00915763 /* Info.plist */,
			);
			path = "Pantheon Auction House";
			sourceTree = "<group>";
		};
		C49E7B561F2C477E00915763 /* Pantheon Auction HouseTests */ = {
			isa = PBXGroup;
			children = (
				C49E7B571F2C477E00915763 /* Pantheon_Auction_HouseTests.swift */,
				C49E7B591F2C477E00915763 /* Info.plist */,
			);
			path = "Pantheon Auction HouseTests";
			sourceTree = "<group>";
		};
		C49E7B611F2C477E00915763 /* Pantheon Auction HouseUITests */ = {
			isa = PBXGroup;
			children = (
				C49E7B621F2C477E00915763 /* Pantheon_Auction_HouseUITests.swift */,
				C49E7B641F2C477E00915763 /* Info.plist */,
			);
			path = "Pantheon Auction HouseUITests";
			sourceTree = "<group>";
		};
/* End PBXGroup section */

/* Begin PBXNativeTarget section */
		C49E7B3C1F2C477E00915763 /* Pantheon Auction House */ = {
			isa = PBXNativeTarget;
			buildConfigurationList = C49E7B671F2C477E00915763 /* Build configuration list for PBXNativeTarget "Pantheon Auction House" */;
			buildPhases = (
				C49E7B391F2C477E00915763 /* Sources */,
				C49E7B3A1F2C477E00915763 /* Frameworks */,
				C49E7B3B1F2C477E00915763 /* Resources */,
			);
			buildRules = (
			);
			dependencies = (
			);
			name = "Pantheon Auction House";
			productName = "Pantheon Auction House";
			productReference = C49E7B3D1F2C477E00915763 /* Pantheon Auction House.app */;
			productType = "com.apple.product-type.application";
		};
		C49E7B521F2C477E00915763 /* Pantheon Auction HouseTests */ = {
			isa = PBXNativeTarget;
			buildConfigurationList = C49E7B6A1F2C477E00915763 /* Build configuration list for PBXNativeTarget "Pantheon Auction HouseTests" */;
			buildPhases = (
				C49E7B4F1F2C477E00915763 /* Sources */,
				C49E7B501F2C477E00915763 /* Frameworks */,
				C49E7B511F2C477E00915763 /* Resources */,
			);
			buildRules = (
			);
			dependencies = (
				C49E7B551F2C477E00915763 /* PBXTargetDependency */,
			);
			name = "Pantheon Auction HouseTests";
			productName = "Pantheon Auction HouseTests";
			productReference = C49E7B531F2C477E00915763 /* Pantheon Auction HouseTests.xctest */;
			productType = "com.apple.product-type.bundle.unit-test";
		};
		C49E7B5D1F2C477E00915763 /* Pantheon Auction HouseUITests */ = {
			isa = PBXNativeTarget;
			buildConfigurationList = C49E7B6D1F2C477E00915763 /* Build configuration list for PBXNativeTarget "Pantheon Auction HouseUITests" */;
			buildPhases = (
				C49E7B5A1F2C477E00915763 /* Sources */,
				C49E7B5B1F2C477E00915763 /* Frameworks */,
				C49E7B5C1F2C477E00915763 /* Resources */,
			);
			buildRules = (
			);
			dependencies = (
				C49E7B601F2C477E00915763 /* PBXTargetDependency */,
			);
			name = "Pantheon Auction HouseUITests";
			productName = "Pantheon Auction HouseUITests";
			productReference = C49E7B5E1F2C477E00915763 /* Pantheon Auction HouseUITests.xctest */;
			productType = "com.apple.product-type.bundle.ui-testing";
		};
/* End PBXNativeTarget section */

/* Begin PBXProject section */
		C49E7B351F2C477E00915763 /* Project object */ = {
			isa = PBXProject;
			attributes = {
				LastSwiftUpdateCheck = 0830;
				LastUpgradeCheck = 0830;
				ORGANIZATIONNAME = "Matthew Cooper";
				TargetAttributes = {
					C49E7B3C1F2C477E00915763 = {
						CreatedOnToolsVersion = 8.3.3;
						DevelopmentTeam = U4ZF26AC74;
						ProvisioningStyle = Automatic;
					};
					C49E7B521F2C477E00915763 = {
						CreatedOnToolsVersion = 8.3.3;
						DevelopmentTeam = U4ZF26AC74;
						ProvisioningStyle = Automatic;
						TestTargetID = C49E7B3C1F2C477E00915763;
					};
					C49E7B5D1F2C477E00915763 = {
						CreatedOnToolsVersion = 8.3.3;
						DevelopmentTeam = U4ZF26AC74;
						ProvisioningStyle = Automatic;
						TestTargetID = C49E7B3C1F2C477E00915763;
					};
				};
			};
			buildConfigurationList = C49E7B381F2C477E00915763 /* Build configuration list for PBXProject "Pantheon Auction House" */;
			compatibilityVersion = "Xcode 3.2";
			developmentRegion = English;
			hasScannedForEncodings = 0;
			knownRegions = (
				en,
				Base,
			);
			mainGroup = C49E7B341F2C477E00915763;
			productRefGroup = C49E7B3E1F2C477E00915763 /* Products */;
			projectDirPath = "";
			projectRoot = "";
			targets = (
				C49E7B3C1F2C477E00915763 /* Pantheon Auction House */,
				C49E7B521F2C477E00915763 /* Pantheon Auction HouseTests */,
				C49E7B5D1F2C477E00915763 /* Pantheon Auction HouseUITests */,
			);
		};
/* End PBXProject section */

/* Begin PBXResourcesBuildPhase section */
		C49E7B3B1F2C477E00915763 /* Resources */ = {
			isa = PBXResourcesBuildPhase;
			buildActionMask = 2147483647;
			files = (
				C49E7B4D1F2C477E00915763 /* LaunchScreen.storyboard in Resources */,
				C49E7B4A1F2C477E00915763 /* Assets.xcassets in Resources */,
				C49E7B481F2C477E00915763 /* Main.storyboard in Resources */,
			);
			runOnlyForDeploymentPostprocessing = 0;
		};
		C49E7B511F2C477E00915763 /* Resources */ = {
			isa = PBXResourcesBuildPhase;
			buildActionMask = 2147483647;
			files = (
			);
			runOnlyForDeploymentPostprocessing = 0;
		};
		C49E7B5C1F2C477E00915763 /* Resources */ = {
			isa = PBXResourcesBuildPhase;
			buildActionMask = 2147483647;
			files = (
			);
			runOnlyForDeploymentPostprocessing = 0;
		};
/* End PBXResourcesBuildPhase section */

/* Begin PBXSourcesBuildPhase section */
		C49E7B391F2C477E00915763 /* Sources */ = {
			isa = PBXSourcesBuildPhase;
			buildActionMask = 2147483647;
			files = (
				C49E7B451F2C477E00915763 /* SecondViewController.swift in Sources */,
				C49E7B411F2C477E00915763 /* AppDelegate.swift in Sources */,
				C49E7B431F2C477E00915763 /* FirstViewController.swift in Sources */,
			);
			runOnlyForDeploymentPostprocessing = 0;
		};
		C49E7B4F1F2C477E00915763 /* Sources */ = {
			isa = PBXSourcesBuildPhase;
			buildActionMask = 2147483647;
			files = (
				C49E7B581F2C477E00915763 /* Pantheon_Auction_HouseTests.swift in Sources */,
			);
			runOnlyForDeploymentPostprocessing = 0;
		};
		C49E7B5A1F2C477E00915763 /* Sources */ = {
			isa = PBXSourcesBuildPhase;
			buildActionMask = 2147483647;
			files = (
				C49E7B631F2C477E00915763 /* Pantheon_Auction_HouseUITests.swift in Sources */,
			);
			runOnlyForDeploymentPostprocessing = 0;
		};
/* End PBXSourcesBuildPhase section */

/* Begin PBXTargetDependency section */
		C49E7B551F2C477E00915763 /* PBXTargetDependency */ = {
			isa = PBXTargetDependency;
			target = C49E7B3C1F2C477E00915763 /* Pantheon Auction House */;
			targetProxy = C49E7B541F2C477E00915763 /* PBXContainerItemProxy */;
		};
		C49E7B601F2C477E00915763 /* PBXTargetDependency */ = {
			isa = PBXTargetDependency;
			target = C49E7B3C1F2C477E00915763 /* Pantheon Auction House */;
			targetProxy = C49E7B5F1F2C477E00915763 /* PBXContainerItemProxy */;
		};
/* End PBXTargetDependency section */

/* Begin PBXVariantGroup section */
		C49E7B461F2C477E00915763 /* Main.storyboard */ = {
			isa = PBXVariantGroup;
			children = (
				C49E7B471F2C477E00915763 /* Base */,
			);
			name = Main.storyboard;
			sourceTree = "<group>";
		};
		C49E7B4B1F2C477E00915763 /* LaunchScreen.storyboard */ = {
			isa = PBXVariantGroup;
			children = (
				C49E7B4C1F2C477E00915763 /* Base */,
			);
			name = LaunchScreen.storyboard;
			sourceTree = "<group>";
		};
/* End PBXVariantGroup section */

/* Begin XCBuildConfiguration section */
		C49E7B651F2C477E00915763 /* Debug */ = {
			isa = XCBuildConfiguration;
			buildSettings = {
				ALWAYS_SEARCH_USER_PATHS = NO;
				CLANG_ANALYZER_NONNULL = YES;
				CLANG_ANALYZER_NUMBER_OBJECT_CONVERSION = YES_AGGRESSIVE;
				CLANG_CXX_LANGUAGE_STANDARD = "gnu++0x";
				CLANG_CXX_LIBRARY = "libc++";
				CLANG_ENABLE_MODULES = YES;
				CLANG_ENABLE_OBJC_ARC = YES;
				CLANG_WARN_BOOL_CONVERSION = YES;
				CLANG_WARN_CONSTANT_CONVERSION = YES;
				CLANG_WARN_DIRECT_OBJC_ISA_USAGE = YES_ERROR;
				CLANG_WARN_DOCUMENTATION_COMMENTS = YES;
				CLANG_WARN_EMPTY_BODY = YES;
				CLANG_WARN_ENUM_CONVERSION = YES;
				CLANG_WARN_INFINITE_RECURSION = YES;
				CLANG_WARN_INT_CONVERSION = YES;
				CLANG_WARN_OBJC_ROOT_CLASS = YES_ERROR;
				CLANG_WARN_SUSPICIOUS_MOVE = YES;
				CLANG_WARN_UNREACHABLE_CODE = YES;
				CLANG_WARN__DUPLICATE_METHOD_MATCH = YES;
				"CODE_SIGN_IDENTITY[sdk=iphoneos*]" = "iPhone Developer";
				COPY_PHASE_STRIP = NO;
				DEBUG_INFORMATION_FORMAT = dwarf;
				ENABLE_STRICT_OBJC_MSGSEND = YES;
				ENABLE_TESTABILITY = YES;
				GCC_C_LANGUAGE_STANDARD = gnu99;
				GCC_DYNAMIC_NO_PIC = NO;
				GCC_NO_COMMON_BLOCKS = YES;
				GCC_OPTIMIZATION_LEVEL = 0;
				GCC_PREPROCESSOR_DEFINITIONS = (
					"DEBUG=1",
					"$(inherited)",
				);
				GCC_WARN_64_TO_32_BIT_CONVERSION = YES;
				GCC_WARN_ABOUT_RETURN_TYPE = YES_ERROR;
				GCC_WARN_UNDECLARED_SELECTOR = YES;
				GCC_WARN_UNINITIALIZED_AUTOS = YES_AGGRESSIVE;
				GCC_WARN_UNUSED_FUNCTION = YES;
				GCC_WARN_UNUSED_VARIABLE = YES;
				IPHONEOS_DEPLOYMENT_TARGET = 10.3;
				MTL_ENABLE_DEBUG_INFO = YES;
				ONLY_ACTIVE_ARCH = YES;
				SDKROOT = iphoneos;
				SWIFT_ACTIVE_COMPILATION_CONDITIONS = DEBUG;
				SWIFT_OPTIMIZATION_LEVEL = "-Onone";
				TARGETED_DEVICE_FAMILY = "1,2";
			};
			name = Debug;
		};
		C49E7B661F2C477E00915763 /* Release */ = {
			isa = XCBuildConfiguration;
			buildSettings = {
				ALWAYS_SEARCH_USER_PATHS = NO;
				CLANG_ANALYZER_NONNULL = YES;
				CLANG_ANALYZER_NUMBER_OBJECT_CONVERSION = YES_AGGRESSIVE;
				CLANG_CXX_LANGUAGE_STANDARD = "gnu++0x";
				CLANG_CXX_LIBRARY = "libc++";
				CLANG_ENABLE_MODULES = YES;
				CLANG_ENABLE_OBJC_ARC = YES;
				CLANG_WARN_BOOL_CONVERSION = YES;
				CLANG_WARN_CONSTANT_CONVERSION = YES;
				CLANG_WARN_DIRECT_OBJC_ISA_USAGE = YES_ERROR;
				CLANG_WARN_DOCUMENTATION_COMMENTS = YES;
				CLANG_WARN_EMPTY_BODY = YES;
				CLANG_WARN_ENUM_CONVERSION = YES;
				CLANG_WARN_INFINITE_RECURSION = YES;
				CLANG_WARN_INT_CONVERSION = YES;
				CLANG_WARN_OBJC_ROOT_CLASS = YES_ERROR;
				CLANG_WARN_SUSPICIOUS_MOVE = YES;
				CLANG_WARN_UNREACHABLE_CODE = YES;
				CLANG_WARN__DUPLICATE_METHOD_MATCH = YES;
				"CODE_SIGN_IDENTITY[sdk=iphoneos*]" = "iPhone Developer";
				COPY_PHASE_STRIP = NO;
				DEBUG_INFORMATION_FORMAT = "dwarf-with-dsym";
				ENABLE_NS_ASSERTIONS = NO;
				ENABLE_STRICT_OBJC_MSGSEND = YES;
				GCC_C_LANGUAGE_STANDARD = gnu99;
				GCC_NO_COMMON_BLOCKS = YES;
				GCC_WARN_64_TO_32_BIT_CONVERSION = YES;
				GCC_WARN_ABOUT_RETURN_TYPE = YES_ERROR;
				GCC_WARN_UNDECLARED_SELECTOR = YES;
				GCC_WARN_UNINITIALIZED_AUTOS = YES_AGGRESSIVE;
				GCC_WARN_UNUSED_FUNCTION = YES;
				GCC_WARN_UNUSED_VARIABLE = YES;
				IPHONEOS_DEPLOYMENT_TARGET = 10.3;
				MTL_ENABLE_DEBUG_INFO = NO;
				SDKROOT = iphoneos;
				SWIFT_OPTIMIZATION_LEVEL = "-Owholemodule";
				TARGETED_DEVICE_FAMILY = "1,2";
				VALIDATE_PRODUCT = YES;
			};
			name = Release;
		};
		C49E7B681F2C477E00915763 /* Debug */ = {
			isa = XCBuildConfiguration;
			buildSettings = {
				ASSETCATALOG_COMPILER_APPICON_NAME = AppIcon;
				DEVELOPMENT_TEAM = U4ZF26AC74;
				INFOPLIST_FILE = "Pantheon Auction House/Info.plist";
				LD_RUNPATH_SEARCH_PATHS = "$(inherited) @executable_path/Frameworks";
				PRODUCT_BUNDLE_IDENTIFIER = "com.PantheonAuctionHouse.Pantheon-Auction-House";
				PRODUCT_NAME = "$(TARGET_NAME)";
				SWIFT_VERSION = 3.0;
			};
			name = Debug;
		};
		C49E7B691F2C477E00915763 /* Release */ = {
			isa = XCBuildConfiguration;
			buildSettings = {
				ASSETCATALOG_COMPILER_APPICON_NAME = AppIcon;
				DEVELOPMENT_TEAM = U4ZF26AC74;
				INFOPLIST_FILE = "Pantheon Auction House/Info.plist";
				LD_RUNPATH_SEARCH_PATHS = "$(inherited) @executable_path/Frameworks";
				PRODUCT_BUNDLE_IDENTIFIER = "com.PantheonAuctionHouse.Pantheon-Auction-House";
				PRODUCT_NAME = "$(TARGET_NAME)";
				SWIFT_VERSION = 3.0;
			};
			name = Release;
		};
		C49E7B6B1F2C477E00915763 /* Debug */ = {
			isa = XCBuildConfiguration;
			buildSettings = {
				ALWAYS_EMBED_SWIFT_STANDARD_LIBRARIES = YES;
				BUNDLE_LOADER = "$(TEST_HOST)";
				DEVELOPMENT_TEAM = U4ZF26AC74;
				INFOPLIST_FILE = "Pantheon Auction HouseTests/Info.plist";
				LD_RUNPATH_SEARCH_PATHS = "$(inherited) @executable_path/Frameworks @loader_path/Frameworks";
				PRODUCT_BUNDLE_IDENTIFIER = "com.PantheonAuctionHouse.Pantheon-Auction-HouseTests";
				PRODUCT_NAME = "$(TARGET_NAME)";
				SWIFT_VERSION = 3.0;
				TEST_HOST = "$(BUILT_PRODUCTS_DIR)/Pantheon Auction House.app/Pantheon Auction House";
			};
			name = Debug;
		};
		C49E7B6C1F2C477E00915763 /* Release */ = {
			isa = XCBuildConfiguration;
			buildSettings = {
				ALWAYS_EMBED_SWIFT_STANDARD_LIBRARIES = YES;
				BUNDLE_LOADER = "$(TEST_HOST)";
				DEVELOPMENT_TEAM = U4ZF26AC74;
				INFOPLIST_FILE = "Pantheon Auction HouseTests/Info.plist";
				LD_RUNPATH_SEARCH_PATHS = "$(inherited) @executable_path/Frameworks @loader_path/Frameworks";
				PRODUCT_BUNDLE_IDENTIFIER = "com.PantheonAuctionHouse.Pantheon-Auction-HouseTests";
				PRODUCT_NAME = "$(TARGET_NAME)";
				SWIFT_VERSION = 3.0;
				TEST_HOST = "$(BUILT_PRODUCTS_DIR)/Pantheon Auction House.app/Pantheon Auction House";
			};
			name = Release;
		};
		C49E7B6E1F2C477E00915763 /* Debug */ = {
			isa = XCBuildConfiguration;
			buildSettings = {
				ALWAYS_EMBED_SWIFT_STANDARD_LIBRARIES = YES;
				DEVELOPMENT_TEAM = U4ZF26AC74;
				INFOPLIST_FILE = "Pantheon Auction HouseUITests/Info.plist";
				LD_RUNPATH_SEARCH_PATHS = "$(inherited) @executable_path/Frameworks @loader_path/Frameworks";
				PRODUCT_BUNDLE_IDENTIFIER = "com.PantheonAuctionHouse.Pantheon-Auction-HouseUITests";
				PRODUCT_NAME = "$(TARGET_NAME)";
				SWIFT_VERSION = 3.0;
				TEST_TARGET_NAME = "Pantheon Auction House";
			};
			name = Debug;
		};
		C49E7B6F1F2C477E00915763 /* Release */ = {
			isa = XCBuildConfiguration;
			buildSettings = {
				ALWAYS_EMBED_SWIFT_STANDARD_LIBRARIES = YES;
				DEVELOPMENT_TEAM = U4ZF26AC74;
				INFOPLIST_FILE = "Pantheon Auction HouseUITests/Info.plist";
				LD_RUNPATH_SEARCH_PATHS = "$(inherited) @executable_path/Frameworks @loader_path/Frameworks";
				PRODUCT_BUNDLE_IDENTIFIER = "com.PantheonAuctionHouse.Pantheon-Auction-HouseUITests";
				PRODUCT_NAME = "$(TARGET_NAME)";
				SWIFT_VERSION = 3.0;
				TEST_TARGET_NAME = "Pantheon Auction House";
			};
			name = Release;
		};
/* End XCBuildConfiguration section */

/* Begin XCConfigurationList section */
		C49E7B381F2C477E00915763 /* Build configuration list for PBXProject "Pantheon Auction House" */ = {
			isa = XCConfigurationList;
			buildConfigurations = (
				C49E7B651F2C477E00915763 /* Debug */,
				C49E7B661F2C477E00915763 /* Release */,
			);
			defaultConfigurationIsVisible = 0;
			defaultConfigurationName = Release;
		};
		C49E7B671F2C477E00915763 /* Build configuration list for PBXNativeTarget "Pantheon Auction House" */ = {
			isa = XCConfigurationList;
			buildConfigurations = (
				C49E7B681F2C477E00915763 /* Debug */,
				C49E7B691F2C477E00915763 /* Release */,
			);
			defaultConfigurationIsVisible = 0;
		};
		C49E7B6A1F2C477E00915763 /* Build configuration list for PBXNativeTarget "Pantheon Auction HouseTests" */ = {
			isa = XCConfigurationList;
			buildConfigurations = (
				C49E7B6B1F2C477E00915763 /* Debug */,
				C49E7B6C1F2C477E00915763 /* Release */,
			);
			defaultConfigurationIsVisible = 0;
		};
		C49E7B6D1F2C477E00915763 /* Build configuration list for PBXNativeTarget "Pantheon Auction HouseUITests" */ = {
			isa = XCConfigurationList;
			buildConfigurations = (
				C49E7B6E1F2C477E00915763 /* Debug */,
				C49E7B6F1F2C477E00915763 /* Release */,
			);
			defaultConfigurationIsVisible = 0;
		};
/* End XCConfigurationList section */
	};
	rootObject = C49E7B351F2C477E00915763 /* Project object */;
}
