// !$*UTF8*$!
{
	archiveVersion = 1;
	classes = {
	};
	objectVersion = 46;
	objects = {

/* Begin PBXBuildFile section */
		56CA4D9471D91E83DFE77841 /* Pods_PantheonAuctionHouseTests.framework in Frameworks */ = {isa = PBXBuildFile; fileRef = 9E6473F4DB9BE7885647717E /* Pods_PantheonAuctionHouseTests.framework */; };
		759ECA52802155E93153AE6B /* Pods_PantheonAuctionHouse.framework in Frameworks */ = {isa = PBXBuildFile; fileRef = 46A833BB44D2B6B432C502D1 /* Pods_PantheonAuctionHouse.framework */; };
		B73812A6A3226E8EA8051571 /* Pods_PantheonAuctionHouseUITests.framework in Frameworks */ = {isa = PBXBuildFile; fileRef = 9B6B69202471781AAAAB0BAD /* Pods_PantheonAuctionHouseUITests.framework */; };
		C42DB3CC1F32B9B200A42315 /* ItemSelectionTableViewController.swift in Sources */ = {isa = PBXBuildFile; fileRef = C42DB3CB1F32B9B200A42315 /* ItemSelectionTableViewController.swift */; };
		C42DB3CE1F32D94A00A42315 /* AuctionHouse.swift in Sources */ = {isa = PBXBuildFile; fileRef = C42DB3CD1F32D94A00A42315 /* AuctionHouse.swift */; };
		C4CF87121F2E89C20073EAA5 /* AppDelegate.swift in Sources */ = {isa = PBXBuildFile; fileRef = C4CF87111F2E89C20073EAA5 /* AppDelegate.swift */; };
		C4CF87141F2E89C20073EAA5 /* CategorySelectViewController.swift in Sources */ = {isa = PBXBuildFile; fileRef = C4CF87131F2E89C20073EAA5 /* CategorySelectViewController.swift */; };
		C4CF87161F2E89C20073EAA5 /* SecondViewController.swift in Sources */ = {isa = PBXBuildFile; fileRef = C4CF87151F2E89C20073EAA5 /* SecondViewController.swift */; };
		C4CF87191F2E89C20073EAA5 /* Main.storyboard in Resources */ = {isa = PBXBuildFile; fileRef = C4CF87171F2E89C20073EAA5 /* Main.storyboard */; };
		C4CF871B1F2E89C20073EAA5 /* Assets.xcassets in Resources */ = {isa = PBXBuildFile; fileRef = C4CF871A1F2E89C20073EAA5 /* Assets.xcassets */; };
		C4CF871E1F2E89C20073EAA5 /* LaunchScreen.storyboard in Resources */ = {isa = PBXBuildFile; fileRef = C4CF871C1F2E89C20073EAA5 /* LaunchScreen.storyboard */; };
		C4CF87291F2E89C30073EAA5 /* PantheonAuctionHouseTests.swift in Sources */ = {isa = PBXBuildFile; fileRef = C4CF87281F2E89C30073EAA5 /* PantheonAuctionHouseTests.swift */; };
		C4CF87341F2E89C30073EAA5 /* PantheonAuctionHouseUITests.swift in Sources */ = {isa = PBXBuildFile; fileRef = C4CF87331F2E89C30073EAA5 /* PantheonAuctionHouseUITests.swift */; };
/* End PBXBuildFile section */

/* Begin PBXContainerItemProxy section */
		C4CF87251F2E89C20073EAA5 /* PBXContainerItemProxy */ = {
			isa = PBXContainerItemProxy;
			containerPortal = C4CF87061F2E89C20073EAA5 /* Project object */;
			proxyType = 1;
			remoteGlobalIDString = C4CF870D1F2E89C20073EAA5;
			remoteInfo = PantheonAuctionHouse;
		};
		C4CF87301F2E89C30073EAA5 /* PBXContainerItemProxy */ = {
			isa = PBXContainerItemProxy;
			containerPortal = C4CF87061F2E89C20073EAA5 /* Project object */;
			proxyType = 1;
			remoteGlobalIDString = C4CF870D1F2E89C20073EAA5;
			remoteInfo = PantheonAuctionHouse;
		};
/* End PBXContainerItemProxy section */

/* Begin PBXFileReference section */
		048D7E82FECDD2DD7A5B31C1 /* Pods-PantheonAuctionHouse.debug.xcconfig */ = {isa = PBXFileReference; includeInIndex = 1; lastKnownFileType = text.xcconfig; name = "Pods-PantheonAuctionHouse.debug.xcconfig"; path = "Pods/Target Support Files/Pods-PantheonAuctionHouse/Pods-PantheonAuctionHouse.debug.xcconfig"; sourceTree = "<group>"; };
		1A91DB4E9C6A2C02CEC86546 /* Pods-PantheonAuctionHouse.release.xcconfig */ = {isa = PBXFileReference; includeInIndex = 1; lastKnownFileType = text.xcconfig; name = "Pods-PantheonAuctionHouse.release.xcconfig"; path = "Pods/Target Support Files/Pods-PantheonAuctionHouse/Pods-PantheonAuctionHouse.release.xcconfig"; sourceTree = "<group>"; };
		46A833BB44D2B6B432C502D1 /* Pods_PantheonAuctionHouse.framework */ = {isa = PBXFileReference; explicitFileType = wrapper.framework; includeInIndex = 0; path = Pods_PantheonAuctionHouse.framework; sourceTree = BUILT_PRODUCTS_DIR; };
		8BE0B758DDBA8E17A209FFB3 /* Pods-PantheonAuctionHouseUITests.debug.xcconfig */ = {isa = PBXFileReference; includeInIndex = 1; lastKnownFileType = text.xcconfig; name = "Pods-PantheonAuctionHouseUITests.debug.xcconfig"; path = "Pods/Target Support Files/Pods-PantheonAuctionHouseUITests/Pods-PantheonAuctionHouseUITests.debug.xcconfig"; sourceTree = "<group>"; };
		9B6B69202471781AAAAB0BAD /* Pods_PantheonAuctionHouseUITests.framework */ = {isa = PBXFileReference; explicitFileType = wrapper.framework; includeInIndex = 0; path = Pods_PantheonAuctionHouseUITests.framework; sourceTree = BUILT_PRODUCTS_DIR; };
		9E6473F4DB9BE7885647717E /* Pods_PantheonAuctionHouseTests.framework */ = {isa = PBXFileReference; explicitFileType = wrapper.framework; includeInIndex = 0; path = Pods_PantheonAuctionHouseTests.framework; sourceTree = BUILT_PRODUCTS_DIR; };
		A3C6BBE2F213264EA2AF3EDC /* Pods-PantheonAuctionHouseTests.debug.xcconfig */ = {isa = PBXFileReference; includeInIndex = 1; lastKnownFileType = text.xcconfig; name = "Pods-PantheonAuctionHouseTests.debug.xcconfig"; path = "Pods/Target Support Files/Pods-PantheonAuctionHouseTests/Pods-PantheonAuctionHouseTests.debug.xcconfig"; sourceTree = "<group>"; };
		B40F9793FB894C8C36826AEB /* Pods-PantheonAuctionHouseUITests.release.xcconfig */ = {isa = PBXFileReference; includeInIndex = 1; lastKnownFileType = text.xcconfig; name = "Pods-PantheonAuctionHouseUITests.release.xcconfig"; path = "Pods/Target Support Files/Pods-PantheonAuctionHouseUITests/Pods-PantheonAuctionHouseUITests.release.xcconfig"; sourceTree = "<group>"; };
		BF018F265ACEB8E4EB5BAC25 /* Pods-PantheonAuctionHouseTests.release.xcconfig */ = {isa = PBXFileReference; includeInIndex = 1; lastKnownFileType = text.xcconfig; name = "Pods-PantheonAuctionHouseTests.release.xcconfig"; path = "Pods/Target Support Files/Pods-PantheonAuctionHouseTests/Pods-PantheonAuctionHouseTests.release.xcconfig"; sourceTree = "<group>"; };
		C42DB3CB1F32B9B200A42315 /* ItemSelectionTableViewController.swift */ = {isa = PBXFileReference; fileEncoding = 4; lastKnownFileType = sourcecode.swift; path = ItemSelectionTableViewController.swift; sourceTree = "<group>"; };
		C42DB3CD1F32D94A00A42315 /* AuctionHouse.swift */ = {isa = PBXFileReference; fileEncoding = 4; lastKnownFileType = sourcecode.swift; path = AuctionHouse.swift; sourceTree = "<group>"; };
		C4CF870E1F2E89C20073EAA5 /* PantheonAuctionHouse.app */ = {isa = PBXFileReference; explicitFileType = wrapper.application; includeInIndex = 0; path = PantheonAuctionHouse.app; sourceTree = BUILT_PRODUCTS_DIR; };
		C4CF87111F2E89C20073EAA5 /* AppDelegate.swift */ = {isa = PBXFileReference; lastKnownFileType = sourcecode.swift; path = AppDelegate.swift; sourceTree = "<group>"; };
		C4CF87131F2E89C20073EAA5 /* CategorySelectViewController.swift */ = {isa = PBXFileReference; lastKnownFileType = sourcecode.swift; path = CategorySelectViewController.swift; sourceTree = "<group>"; };
		C4CF87151F2E89C20073EAA5 /* SecondViewController.swift */ = {isa = PBXFileReference; lastKnownFileType = sourcecode.swift; path = SecondViewController.swift; sourceTree = "<group>"; };
		C4CF87181F2E89C20073EAA5 /* Base */ = {isa = PBXFileReference; lastKnownFileType = file.storyboard; name = Base; path = Base.lproj/Main.storyboard; sourceTree = "<group>"; };
		C4CF871A1F2E89C20073EAA5 /* Assets.xcassets */ = {isa = PBXFileReference; lastKnownFileType = folder.assetcatalog; path = Assets.xcassets; sourceTree = "<group>"; };
		C4CF871D1F2E89C20073EAA5 /* Base */ = {isa = PBXFileReference; lastKnownFileType = file.storyboard; name = Base; path = Base.lproj/LaunchScreen.storyboard; sourceTree = "<group>"; };
		C4CF871F1F2E89C20073EAA5 /* Info.plist */ = {isa = PBXFileReference; lastKnownFileType = text.plist.xml; path = Info.plist; sourceTree = "<group>"; };
		C4CF87241F2E89C20073EAA5 /* PantheonAuctionHouseTests.xctest */ = {isa = PBXFileReference; explicitFileType = wrapper.cfbundle; includeInIndex = 0; path = PantheonAuctionHouseTests.xctest; sourceTree = BUILT_PRODUCTS_DIR; };
		C4CF87281F2E89C30073EAA5 /* PantheonAuctionHouseTests.swift */ = {isa = PBXFileReference; lastKnownFileType = sourcecode.swift; path = PantheonAuctionHouseTests.swift; sourceTree = "<group>"; };
		C4CF872A1F2E89C30073EAA5 /* Info.plist */ = {isa = PBXFileReference; lastKnownFileType = text.plist.xml; path = Info.plist; sourceTree = "<group>"; };
		C4CF872F1F2E89C30073EAA5 /* PantheonAuctionHouseUITests.xctest */ = {isa = PBXFileReference; explicitFileType = wrapper.cfbundle; includeInIndex = 0; path = PantheonAuctionHouseUITests.xctest; sourceTree = BUILT_PRODUCTS_DIR; };
		C4CF87331F2E89C30073EAA5 /* PantheonAuctionHouseUITests.swift */ = {isa = PBXFileReference; lastKnownFileType = sourcecode.swift; path = PantheonAuctionHouseUITests.swift; sourceTree = "<group>"; };
		C4CF87351F2E89C30073EAA5 /* Info.plist */ = {isa = PBXFileReference; lastKnownFileType = text.plist.xml; path = Info.plist; sourceTree = "<group>"; };
/* End PBXFileReference section */

/* Begin PBXFrameworksBuildPhase section */
		C4CF870B1F2E89C20073EAA5 /* Frameworks */ = {
			isa = PBXFrameworksBuildPhase;
			buildActionMask = 2147483647;
			files = (
				759ECA52802155E93153AE6B /* Pods_PantheonAuctionHouse.framework in Frameworks */,
			);
			runOnlyForDeploymentPostprocessing = 0;
		};
		C4CF87211F2E89C20073EAA5 /* Frameworks */ = {
			isa = PBXFrameworksBuildPhase;
			buildActionMask = 2147483647;
			files = (
				56CA4D9471D91E83DFE77841 /* Pods_PantheonAuctionHouseTests.framework in Frameworks */,
			);
			runOnlyForDeploymentPostprocessing = 0;
		};
		C4CF872C1F2E89C30073EAA5 /* Frameworks */ = {
			isa = PBXFrameworksBuildPhase;
			buildActionMask = 2147483647;
			files = (
				B73812A6A3226E8EA8051571 /* Pods_PantheonAuctionHouseUITests.framework in Frameworks */,
			);
			runOnlyForDeploymentPostprocessing = 0;
		};
/* End PBXFrameworksBuildPhase section */

/* Begin PBXGroup section */
		8D744D822753E45B01356E0C /* Pods */ = {
			isa = PBXGroup;
			children = (
				048D7E82FECDD2DD7A5B31C1 /* Pods-PantheonAuctionHouse.debug.xcconfig */,
				1A91DB4E9C6A2C02CEC86546 /* Pods-PantheonAuctionHouse.release.xcconfig */,
				A3C6BBE2F213264EA2AF3EDC /* Pods-PantheonAuctionHouseTests.debug.xcconfig */,
				BF018F265ACEB8E4EB5BAC25 /* Pods-PantheonAuctionHouseTests.release.xcconfig */,
				8BE0B758DDBA8E17A209FFB3 /* Pods-PantheonAuctionHouseUITests.debug.xcconfig */,
				B40F9793FB894C8C36826AEB /* Pods-PantheonAuctionHouseUITests.release.xcconfig */,
			);
			name = Pods;
			sourceTree = "<group>";
		};
		9DF4BEE7D0A1F404F59075DD /* Frameworks */ = {
			isa = PBXGroup;
			children = (
				46A833BB44D2B6B432C502D1 /* Pods_PantheonAuctionHouse.framework */,
				9E6473F4DB9BE7885647717E /* Pods_PantheonAuctionHouseTests.framework */,
				9B6B69202471781AAAAB0BAD /* Pods_PantheonAuctionHouseUITests.framework */,
			);
			name = Frameworks;
			sourceTree = "<group>";
		};
		C4CF87051F2E89C20073EAA5 = {
			isa = PBXGroup;
			children = (
				C4CF87101F2E89C20073EAA5 /* PantheonAuctionHouse */,
				C4CF87271F2E89C30073EAA5 /* PantheonAuctionHouseTests */,
				C4CF87321F2E89C30073EAA5 /* PantheonAuctionHouseUITests */,
				C4CF870F1F2E89C20073EAA5 /* Products */,
				8D744D822753E45B01356E0C /* Pods */,
				9DF4BEE7D0A1F404F59075DD /* Frameworks */,
			);
			sourceTree = "<group>";
		};
		C4CF870F1F2E89C20073EAA5 /* Products */ = {
			isa = PBXGroup;
			children = (
				C4CF870E1F2E89C20073EAA5 /* PantheonAuctionHouse.app */,
				C4CF87241F2E89C20073EAA5 /* PantheonAuctionHouseTests.xctest */,
				C4CF872F1F2E89C30073EAA5 /* PantheonAuctionHouseUITests.xctest */,
			);
			name = Products;
			sourceTree = "<group>";
		};
		C4CF87101F2E89C20073EAA5 /* PantheonAuctionHouse */ = {
			isa = PBXGroup;
			children = (
				C4CF87111F2E89C20073EAA5 /* AppDelegate.swift */,
				C4CF87131F2E89C20073EAA5 /* CategorySelectViewController.swift */,
				C4CF87151F2E89C20073EAA5 /* SecondViewController.swift */,
				C4CF87171F2E89C20073EAA5 /* Main.storyboard */,
				C4CF871A1F2E89C20073EAA5 /* Assets.xcassets */,
				C4CF871C1F2E89C20073EAA5 /* LaunchScreen.storyboard */,
				C4CF871F1F2E89C20073EAA5 /* Info.plist */,
				C42DB3CB1F32B9B200A42315 /* ItemSelectionTableViewController.swift */,
				C42DB3CD1F32D94A00A42315 /* AuctionHouse.swift */,
			);
			path = PantheonAuctionHouse;
			sourceTree = "<group>";
		};
		C4CF87271F2E89C30073EAA5 /* PantheonAuctionHouseTests */ = {
			isa = PBXGroup;
			children = (
				C4CF87281F2E89C30073EAA5 /* PantheonAuctionHouseTests.swift */,
				C4CF872A1F2E89C30073EAA5 /* Info.plist */,
			);
			path = PantheonAuctionHouseTests;
			sourceTree = "<group>";
		};
		C4CF87321F2E89C30073EAA5 /* PantheonAuctionHouseUITests */ = {
			isa = PBXGroup;
			children = (
				C4CF87331F2E89C30073EAA5 /* PantheonAuctionHouseUITests.swift */,
				C4CF87351F2E89C30073EAA5 /* Info.plist */,
			);
			path = PantheonAuctionHouseUITests;
			sourceTree = "<group>";
		};
/* End PBXGroup section */

/* Begin PBXNativeTarget section */
		C4CF870D1F2E89C20073EAA5 /* PantheonAuctionHouse */ = {
			isa = PBXNativeTarget;
			buildConfigurationList = C4CF87381F2E89C30073EAA5 /* Build configuration list for PBXNativeTarget "PantheonAuctionHouse" */;
			buildPhases = (
				440C2F8A8B84294505D754AF /* [CP] Check Pods Manifest.lock */,
				C4CF870A1F2E89C20073EAA5 /* Sources */,
				C4CF870B1F2E89C20073EAA5 /* Frameworks */,
				C4CF870C1F2E89C20073EAA5 /* Resources */,
				98890B7618DCA5FF72B4A2A0 /* [CP] Embed Pods Frameworks */,
				3148B6E447F739EDF1394DED /* [CP] Copy Pods Resources */,
			);
			buildRules = (
			);
			dependencies = (
			);
			name = PantheonAuctionHouse;
			productName = PantheonAuctionHouse;
			productReference = C4CF870E1F2E89C20073EAA5 /* PantheonAuctionHouse.app */;
			productType = "com.apple.product-type.application";
		};
		C4CF87231F2E89C20073EAA5 /* PantheonAuctionHouseTests */ = {
			isa = PBXNativeTarget;
			buildConfigurationList = C4CF873B1F2E89C30073EAA5 /* Build configuration list for PBXNativeTarget "PantheonAuctionHouseTests" */;
			buildPhases = (
				265A637A0DFCCCDF0A5E2963 /* [CP] Check Pods Manifest.lock */,
				C4CF87201F2E89C20073EAA5 /* Sources */,
				C4CF87211F2E89C20073EAA5 /* Frameworks */,
				C4CF87221F2E89C20073EAA5 /* Resources */,
				3C45EC61F101596F497414B2 /* [CP] Embed Pods Frameworks */,
				9C028739351BE4398AD1012D /* [CP] Copy Pods Resources */,
			);
			buildRules = (
			);
			dependencies = (
				C4CF87261F2E89C20073EAA5 /* PBXTargetDependency */,
			);
			name = PantheonAuctionHouseTests;
			productName = PantheonAuctionHouseTests;
			productReference = C4CF87241F2E89C20073EAA5 /* PantheonAuctionHouseTests.xctest */;
			productType = "com.apple.product-type.bundle.unit-test";
		};
		C4CF872E1F2E89C30073EAA5 /* PantheonAuctionHouseUITests */ = {
			isa = PBXNativeTarget;
			buildConfigurationList = C4CF873E1F2E89C30073EAA5 /* Build configuration list for PBXNativeTarget "PantheonAuctionHouseUITests" */;
			buildPhases = (
				C84453A7F71D9179852A36E0 /* [CP] Check Pods Manifest.lock */,
				C4CF872B1F2E89C30073EAA5 /* Sources */,
				C4CF872C1F2E89C30073EAA5 /* Frameworks */,
				C4CF872D1F2E89C30073EAA5 /* Resources */,
				FC079EB8181185459EAA2725 /* [CP] Embed Pods Frameworks */,
				8063F52C59C32BD2CB365402 /* [CP] Copy Pods Resources */,
			);
			buildRules = (
			);
			dependencies = (
				C4CF87311F2E89C30073EAA5 /* PBXTargetDependency */,
			);
			name = PantheonAuctionHouseUITests;
			productName = PantheonAuctionHouseUITests;
			productReference = C4CF872F1F2E89C30073EAA5 /* PantheonAuctionHouseUITests.xctest */;
			productType = "com.apple.product-type.bundle.ui-testing";
		};
/* End PBXNativeTarget section */

/* Begin PBXProject section */
		C4CF87061F2E89C20073EAA5 /* Project object */ = {
			isa = PBXProject;
			attributes = {
				LastSwiftUpdateCheck = 0830;
				LastUpgradeCheck = 0830;
				ORGANIZATIONNAME = "Matthew Cooper";
				TargetAttributes = {
					C4CF870D1F2E89C20073EAA5 = {
						CreatedOnToolsVersion = 8.3.3;
						DevelopmentTeam = U4ZF26AC74;
						ProvisioningStyle = Automatic;
					};
					C4CF87231F2E89C20073EAA5 = {
						CreatedOnToolsVersion = 8.3.3;
						DevelopmentTeam = U4ZF26AC74;
						ProvisioningStyle = Automatic;
						TestTargetID = C4CF870D1F2E89C20073EAA5;
					};
					C4CF872E1F2E89C30073EAA5 = {
						CreatedOnToolsVersion = 8.3.3;
						DevelopmentTeam = U4ZF26AC74;
						ProvisioningStyle = Automatic;
						TestTargetID = C4CF870D1F2E89C20073EAA5;
					};
				};
			};
			buildConfigurationList = C4CF87091F2E89C20073EAA5 /* Build configuration list for PBXProject "PantheonAuctionHouse" */;
			compatibilityVersion = "Xcode 3.2";
			developmentRegion = English;
			hasScannedForEncodings = 0;
			knownRegions = (
				en,
				Base,
			);
			mainGroup = C4CF87051F2E89C20073EAA5;
			productRefGroup = C4CF870F1F2E89C20073EAA5 /* Products */;
			projectDirPath = "";
			projectRoot = "";
			targets = (
				C4CF870D1F2E89C20073EAA5 /* PantheonAuctionHouse */,
				C4CF87231F2E89C20073EAA5 /* PantheonAuctionHouseTests */,
				C4CF872E1F2E89C30073EAA5 /* PantheonAuctionHouseUITests */,
			);
		};
/* End PBXProject section */

/* Begin PBXResourcesBuildPhase section */
		C4CF870C1F2E89C20073EAA5 /* Resources */ = {
			isa = PBXResourcesBuildPhase;
			buildActionMask = 2147483647;
			files = (
				C4CF871E1F2E89C20073EAA5 /* LaunchScreen.storyboard in Resources */,
				C4CF871B1F2E89C20073EAA5 /* Assets.xcassets in Resources */,
				C4CF87191F2E89C20073EAA5 /* Main.storyboard in Resources */,
			);
			runOnlyForDeploymentPostprocessing = 0;
		};
		C4CF87221F2E89C20073EAA5 /* Resources */ = {
			isa = PBXResourcesBuildPhase;
			buildActionMask = 2147483647;
			files = (
			);
			runOnlyForDeploymentPostprocessing = 0;
		};
		C4CF872D1F2E89C30073EAA5 /* Resources */ = {
			isa = PBXResourcesBuildPhase;
			buildActionMask = 2147483647;
			files = (
			);
			runOnlyForDeploymentPostprocessing = 0;
		};
/* End PBXResourcesBuildPhase section */

/* Begin PBXShellScriptBuildPhase section */
		265A637A0DFCCCDF0A5E2963 /* [CP] Check Pods Manifest.lock */ = {
			isa = PBXShellScriptBuildPhase;
			buildActionMask = 2147483647;
			files = (
			);
			inputPaths = (
				"${PODS_PODFILE_DIR_PATH}/Podfile.lock",
				"${PODS_ROOT}/Manifest.lock",
			);
			name = "[CP] Check Pods Manifest.lock";
			outputPaths = (
				"$(DERIVED_FILE_DIR)/Pods-PantheonAuctionHouseTests-checkManifestLockResult.txt",
			);
			runOnlyForDeploymentPostprocessing = 0;
			shellPath = /bin/sh;
			shellScript = "diff \"${PODS_PODFILE_DIR_PATH}/Podfile.lock\" \"${PODS_ROOT}/Manifest.lock\" > /dev/null\nif [ $? != 0 ] ; then\n    # print error to STDERR\n    echo \"error: The sandbox is not in sync with the Podfile.lock. Run 'pod install' or update your CocoaPods installation.\" >&2\n    exit 1\nfi\n# This output is used by Xcode 'outputs' to avoid re-running this script phase.\necho \"SUCCESS\" > \"${SCRIPT_OUTPUT_FILE_0}\"\n";
			showEnvVarsInLog = 0;
		};
		3148B6E447F739EDF1394DED /* [CP] Copy Pods Resources */ = {
			isa = PBXShellScriptBuildPhase;
			buildActionMask = 2147483647;
			files = (
			);
			inputPaths = (
			);
			name = "[CP] Copy Pods Resources";
			outputPaths = (
			);
			runOnlyForDeploymentPostprocessing = 0;
			shellPath = /bin/sh;
			shellScript = "\"${SRCROOT}/Pods/Target Support Files/Pods-PantheonAuctionHouse/Pods-PantheonAuctionHouse-resources.sh\"\n";
			showEnvVarsInLog = 0;
		};
		3C45EC61F101596F497414B2 /* [CP] Embed Pods Frameworks */ = {
			isa = PBXShellScriptBuildPhase;
			buildActionMask = 2147483647;
			files = (
			);
			inputPaths = (
			);
			name = "[CP] Embed Pods Frameworks";
			outputPaths = (
			);
			runOnlyForDeploymentPostprocessing = 0;
			shellPath = /bin/sh;
			shellScript = "\"${SRCROOT}/Pods/Target Support Files/Pods-PantheonAuctionHouseTests/Pods-PantheonAuctionHouseTests-frameworks.sh\"\n";
			showEnvVarsInLog = 0;
		};
		440C2F8A8B84294505D754AF /* [CP] Check Pods Manifest.lock */ = {
			isa = PBXShellScriptBuildPhase;
			buildActionMask = 2147483647;
			files = (
			);
			inputPaths = (
				"${PODS_PODFILE_DIR_PATH}/Podfile.lock",
				"${PODS_ROOT}/Manifest.lock",
			);
			name = "[CP] Check Pods Manifest.lock";
			outputPaths = (
				"$(DERIVED_FILE_DIR)/Pods-PantheonAuctionHouse-checkManifestLockResult.txt",
			);
			runOnlyForDeploymentPostprocessing = 0;
			shellPath = /bin/sh;
			shellScript = "diff \"${PODS_PODFILE_DIR_PATH}/Podfile.lock\" \"${PODS_ROOT}/Manifest.lock\" > /dev/null\nif [ $? != 0 ] ; then\n    # print error to STDERR\n    echo \"error: The sandbox is not in sync with the Podfile.lock. Run 'pod install' or update your CocoaPods installation.\" >&2\n    exit 1\nfi\n# This output is used by Xcode 'outputs' to avoid re-running this script phase.\necho \"SUCCESS\" > \"${SCRIPT_OUTPUT_FILE_0}\"\n";
			showEnvVarsInLog = 0;
		};
		8063F52C59C32BD2CB365402 /* [CP] Copy Pods Resources */ = {
			isa = PBXShellScriptBuildPhase;
			buildActionMask = 2147483647;
			files = (
			);
			inputPaths = (
			);
			name = "[CP] Copy Pods Resources";
			outputPaths = (
			);
			runOnlyForDeploymentPostprocessing = 0;
			shellPath = /bin/sh;
			shellScript = "\"${SRCROOT}/Pods/Target Support Files/Pods-PantheonAuctionHouseUITests/Pods-PantheonAuctionHouseUITests-resources.sh\"\n";
			showEnvVarsInLog = 0;
		};
		98890B7618DCA5FF72B4A2A0 /* [CP] Embed Pods Frameworks */ = {
			isa = PBXShellScriptBuildPhase;
			buildActionMask = 2147483647;
			files = (
			);
			inputPaths = (
				"${SRCROOT}/Pods/Target Support Files/Pods-PantheonAuctionHouse/Pods-PantheonAuctionHouse-frameworks.sh",
				"${BUILT_PRODUCTS_DIR}/Alamofire/Alamofire.framework",
			);
			name = "[CP] Embed Pods Frameworks";
			outputPaths = (
				"${TARGET_BUILD_DIR}/${FRAMEWORKS_FOLDER_PATH}/Alamofire.framework",
			);
			runOnlyForDeploymentPostprocessing = 0;
			shellPath = /bin/sh;
			shellScript = "\"${SRCROOT}/Pods/Target Support Files/Pods-PantheonAuctionHouse/Pods-PantheonAuctionHouse-frameworks.sh\"\n";
			showEnvVarsInLog = 0;
		};
		9C028739351BE4398AD1012D /* [CP] Copy Pods Resources */ = {
			isa = PBXShellScriptBuildPhase;
			buildActionMask = 2147483647;
			files = (
			);
			inputPaths = (
			);
			name = "[CP] Copy Pods Resources";
			outputPaths = (
			);
			runOnlyForDeploymentPostprocessing = 0;
			shellPath = /bin/sh;
			shellScript = "\"${SRCROOT}/Pods/Target Support Files/Pods-PantheonAuctionHouseTests/Pods-PantheonAuctionHouseTests-resources.sh\"\n";
			showEnvVarsInLog = 0;
		};
		C84453A7F71D9179852A36E0 /* [CP] Check Pods Manifest.lock */ = {
			isa = PBXShellScriptBuildPhase;
			buildActionMask = 2147483647;
			files = (
			);
			inputPaths = (
				"${PODS_PODFILE_DIR_PATH}/Podfile.lock",
				"${PODS_ROOT}/Manifest.lock",
			);
			name = "[CP] Check Pods Manifest.lock";
			outputPaths = (
				"$(DERIVED_FILE_DIR)/Pods-PantheonAuctionHouseUITests-checkManifestLockResult.txt",
			);
			runOnlyForDeploymentPostprocessing = 0;
			shellPath = /bin/sh;
			shellScript = "diff \"${PODS_PODFILE_DIR_PATH}/Podfile.lock\" \"${PODS_ROOT}/Manifest.lock\" > /dev/null\nif [ $? != 0 ] ; then\n    # print error to STDERR\n    echo \"error: The sandbox is not in sync with the Podfile.lock. Run 'pod install' or update your CocoaPods installation.\" >&2\n    exit 1\nfi\n# This output is used by Xcode 'outputs' to avoid re-running this script phase.\necho \"SUCCESS\" > \"${SCRIPT_OUTPUT_FILE_0}\"\n";
			showEnvVarsInLog = 0;
		};
		FC079EB8181185459EAA2725 /* [CP] Embed Pods Frameworks */ = {
			isa = PBXShellScriptBuildPhase;
			buildActionMask = 2147483647;
			files = (
			);
			inputPaths = (
			);
			name = "[CP] Embed Pods Frameworks";
			outputPaths = (
			);
			runOnlyForDeploymentPostprocessing = 0;
			shellPath = /bin/sh;
			shellScript = "\"${SRCROOT}/Pods/Target Support Files/Pods-PantheonAuctionHouseUITests/Pods-PantheonAuctionHouseUITests-frameworks.sh\"\n";
			showEnvVarsInLog = 0;
		};
/* End PBXShellScriptBuildPhase section */

/* Begin PBXSourcesBuildPhase section */
		C4CF870A1F2E89C20073EAA5 /* Sources */ = {
			isa = PBXSourcesBuildPhase;
			buildActionMask = 2147483647;
			files = (
				C4CF87161F2E89C20073EAA5 /* SecondViewController.swift in Sources */,
				C42DB3CC1F32B9B200A42315 /* ItemSelectionTableViewController.swift in Sources */,
				C4CF87121F2E89C20073EAA5 /* AppDelegate.swift in Sources */,
				C42DB3CE1F32D94A00A42315 /* AuctionHouse.swift in Sources */,
				C4CF87141F2E89C20073EAA5 /* CategorySelectViewController.swift in Sources */,
			);
			runOnlyForDeploymentPostprocessing = 0;
		};
		C4CF87201F2E89C20073EAA5 /* Sources */ = {
			isa = PBXSourcesBuildPhase;
			buildActionMask = 2147483647;
			files = (
				C4CF87291F2E89C30073EAA5 /* PantheonAuctionHouseTests.swift in Sources */,
			);
			runOnlyForDeploymentPostprocessing = 0;
		};
		C4CF872B1F2E89C30073EAA5 /* Sources */ = {
			isa = PBXSourcesBuildPhase;
			buildActionMask = 2147483647;
			files = (
				C4CF87341F2E89C30073EAA5 /* PantheonAuctionHouseUITests.swift in Sources */,
			);
			runOnlyForDeploymentPostprocessing = 0;
		};
/* End PBXSourcesBuildPhase section */

/* Begin PBXTargetDependency section */
		C4CF87261F2E89C20073EAA5 /* PBXTargetDependency */ = {
			isa = PBXTargetDependency;
			target = C4CF870D1F2E89C20073EAA5 /* PantheonAuctionHouse */;
			targetProxy = C4CF87251F2E89C20073EAA5 /* PBXContainerItemProxy */;
		};
		C4CF87311F2E89C30073EAA5 /* PBXTargetDependency */ = {
			isa = PBXTargetDependency;
			target = C4CF870D1F2E89C20073EAA5 /* PantheonAuctionHouse */;
			targetProxy = C4CF87301F2E89C30073EAA5 /* PBXContainerItemProxy */;
		};
/* End PBXTargetDependency section */

/* Begin PBXVariantGroup section */
		C4CF87171F2E89C20073EAA5 /* Main.storyboard */ = {
			isa = PBXVariantGroup;
			children = (
				C4CF87181F2E89C20073EAA5 /* Base */,
			);
			name = Main.storyboard;
			sourceTree = "<group>";
		};
		C4CF871C1F2E89C20073EAA5 /* LaunchScreen.storyboard */ = {
			isa = PBXVariantGroup;
			children = (
				C4CF871D1F2E89C20073EAA5 /* Base */,
			);
			name = LaunchScreen.storyboard;
			sourceTree = "<group>";
		};
/* End PBXVariantGroup section */

/* Begin XCBuildConfiguration section */
		C4CF87361F2E89C30073EAA5 /* Debug */ = {
			isa = XCBuildConfiguration;
			buildSettings = {
				ALWAYS_SEARCH_USER_PATHS = NO;
				CLANG_ANALYZER_NONNULL = YES;
				CLANG_ANALYZER_NUMBER_OBJECT_CONVERSION = YES_AGGRESSIVE;
				CLANG_CXX_LANGUAGE_STANDARD = "gnu++0x";
				CLANG_CXX_LIBRARY = "libc++";
				CLANG_ENABLE_MODULES = YES;
				CLANG_ENABLE_OBJC_ARC = YES;
				CLANG_WARN_BOOL_CONVERSION = YES;
				CLANG_WARN_CONSTANT_CONVERSION = YES;
				CLANG_WARN_DIRECT_OBJC_ISA_USAGE = YES_ERROR;
				CLANG_WARN_DOCUMENTATION_COMMENTS = YES;
				CLANG_WARN_EMPTY_BODY = YES;
				CLANG_WARN_ENUM_CONVERSION = YES;
				CLANG_WARN_INFINITE_RECURSION = YES;
				CLANG_WARN_INT_CONVERSION = YES;
				CLANG_WARN_OBJC_ROOT_CLASS = YES_ERROR;
				CLANG_WARN_SUSPICIOUS_MOVE = YES;
				CLANG_WARN_UNREACHABLE_CODE = YES;
				CLANG_WARN__DUPLICATE_METHOD_MATCH = YES;
				"CODE_SIGN_IDENTITY[sdk=iphoneos*]" = "iPhone Developer";
				COPY_PHASE_STRIP = NO;
				DEBUG_INFORMATION_FORMAT = dwarf;
				ENABLE_STRICT_OBJC_MSGSEND = YES;
				ENABLE_TESTABILITY = YES;
				GCC_C_LANGUAGE_STANDARD = gnu99;
				GCC_DYNAMIC_NO_PIC = NO;
				GCC_NO_COMMON_BLOCKS = YES;
				GCC_OPTIMIZATION_LEVEL = 0;
				GCC_PREPROCESSOR_DEFINITIONS = (
					"DEBUG=1",
					"$(inherited)",
				);
				GCC_WARN_64_TO_32_BIT_CONVERSION = YES;
				GCC_WARN_ABOUT_RETURN_TYPE = YES_ERROR;
				GCC_WARN_UNDECLARED_SELECTOR = YES;
				GCC_WARN_UNINITIALIZED_AUTOS = YES_AGGRESSIVE;
				GCC_WARN_UNUSED_FUNCTION = YES;
				GCC_WARN_UNUSED_VARIABLE = YES;
				IPHONEOS_DEPLOYMENT_TARGET = 10.3;
				MTL_ENABLE_DEBUG_INFO = YES;
				ONLY_ACTIVE_ARCH = YES;
				SDKROOT = iphoneos;
				SWIFT_ACTIVE_COMPILATION_CONDITIONS = DEBUG;
				SWIFT_OPTIMIZATION_LEVEL = "-Onone";
				TARGETED_DEVICE_FAMILY = "1,2";
			};
			name = Debug;
		};
		C4CF87371F2E89C30073EAA5 /* Release */ = {
			isa = XCBuildConfiguration;
			buildSettings = {
				ALWAYS_SEARCH_USER_PATHS = NO;
				CLANG_ANALYZER_NONNULL = YES;
				CLANG_ANALYZER_NUMBER_OBJECT_CONVERSION = YES_AGGRESSIVE;
				CLANG_CXX_LANGUAGE_STANDARD = "gnu++0x";
				CLANG_CXX_LIBRARY = "libc++";
				CLANG_ENABLE_MODULES = YES;
				CLANG_ENABLE_OBJC_ARC = YES;
				CLANG_WARN_BOOL_CONVERSION = YES;
				CLANG_WARN_CONSTANT_CONVERSION = YES;
				CLANG_WARN_DIRECT_OBJC_ISA_USAGE = YES_ERROR;
				CLANG_WARN_DOCUMENTATION_COMMENTS = YES;
				CLANG_WARN_EMPTY_BODY = YES;
				CLANG_WARN_ENUM_CONVERSION = YES;
				CLANG_WARN_INFINITE_RECURSION = YES;
				CLANG_WARN_INT_CONVERSION = YES;
				CLANG_WARN_OBJC_ROOT_CLASS = YES_ERROR;
				CLANG_WARN_SUSPICIOUS_MOVE = YES;
				CLANG_WARN_UNREACHABLE_CODE = YES;
				CLANG_WARN__DUPLICATE_METHOD_MATCH = YES;
				"CODE_SIGN_IDENTITY[sdk=iphoneos*]" = "iPhone Developer";
				COPY_PHASE_STRIP = NO;
				DEBUG_INFORMATION_FORMAT = "dwarf-with-dsym";
				ENABLE_NS_ASSERTIONS = NO;
				ENABLE_STRICT_OBJC_MSGSEND = YES;
				GCC_C_LANGUAGE_STANDARD = gnu99;
				GCC_NO_COMMON_BLOCKS = YES;
				GCC_WARN_64_TO_32_BIT_CONVERSION = YES;
				GCC_WARN_ABOUT_RETURN_TYPE = YES_ERROR;
				GCC_WARN_UNDECLARED_SELECTOR = YES;
				GCC_WARN_UNINITIALIZED_AUTOS = YES_AGGRESSIVE;
				GCC_WARN_UNUSED_FUNCTION = YES;
				GCC_WARN_UNUSED_VARIABLE = YES;
				IPHONEOS_DEPLOYMENT_TARGET = 10.3;
				MTL_ENABLE_DEBUG_INFO = NO;
				SDKROOT = iphoneos;
				SWIFT_OPTIMIZATION_LEVEL = "-Owholemodule";
				TARGETED_DEVICE_FAMILY = "1,2";
				VALIDATE_PRODUCT = YES;
			};
			name = Release;
		};
		C4CF87391F2E89C30073EAA5 /* Debug */ = {
			isa = XCBuildConfiguration;
			baseConfigurationReference = 048D7E82FECDD2DD7A5B31C1 /* Pods-PantheonAuctionHouse.debug.xcconfig */;
			buildSettings = {
				ASSETCATALOG_COMPILER_APPICON_NAME = AppIcon;
				DEVELOPMENT_TEAM = U4ZF26AC74;
				INFOPLIST_FILE = PantheonAuctionHouse/Info.plist;
				IPHONEOS_DEPLOYMENT_TARGET = 10.3;
				LD_RUNPATH_SEARCH_PATHS = "$(inherited) @executable_path/Frameworks";
				PRODUCT_BUNDLE_IDENTIFIER = com.PantheonAuctionHouse.PantheonAuctionHouse;
				PRODUCT_NAME = "$(TARGET_NAME)";
				SWIFT_VERSION = 3.0;
			};
			name = Debug;
		};
		C4CF873A1F2E89C30073EAA5 /* Release */ = {
			isa = XCBuildConfiguration;
			baseConfigurationReference = 1A91DB4E9C6A2C02CEC86546 /* Pods-PantheonAuctionHouse.release.xcconfig */;
			buildSettings = {
				ASSETCATALOG_COMPILER_APPICON_NAME = AppIcon;
				DEVELOPMENT_TEAM = U4ZF26AC74;
				INFOPLIST_FILE = PantheonAuctionHouse/Info.plist;
				IPHONEOS_DEPLOYMENT_TARGET = 10.3;
				LD_RUNPATH_SEARCH_PATHS = "$(inherited) @executable_path/Frameworks";
				PRODUCT_BUNDLE_IDENTIFIER = com.PantheonAuctionHouse.PantheonAuctionHouse;
				PRODUCT_NAME = "$(TARGET_NAME)";
				SWIFT_VERSION = 3.0;
			};
			name = Release;
		};
		C4CF873C1F2E89C30073EAA5 /* Debug */ = {
			isa = XCBuildConfiguration;
			baseConfigurationReference = A3C6BBE2F213264EA2AF3EDC /* Pods-PantheonAuctionHouseTests.debug.xcconfig */;
			buildSettings = {
				ALWAYS_EMBED_SWIFT_STANDARD_LIBRARIES = YES;
				BUNDLE_LOADER = "$(TEST_HOST)";
				DEVELOPMENT_TEAM = U4ZF26AC74;
				INFOPLIST_FILE = PantheonAuctionHouseTests/Info.plist;
				LD_RUNPATH_SEARCH_PATHS = "$(inherited) @executable_path/Frameworks @loader_path/Frameworks";
				PRODUCT_BUNDLE_IDENTIFIER = com.PantheonAuctionHouse.PantheonAuctionHouseTests;
				PRODUCT_NAME = "$(TARGET_NAME)";
				SWIFT_VERSION = 3.0;
				TEST_HOST = "$(BUILT_PRODUCTS_DIR)/PantheonAuctionHouse.app/PantheonAuctionHouse";
			};
			name = Debug;
		};
		C4CF873D1F2E89C30073EAA5 /* Release */ = {
			isa = XCBuildConfiguration;
			baseConfigurationReference = BF018F265ACEB8E4EB5BAC25 /* Pods-PantheonAuctionHouseTests.release.xcconfig */;
			buildSettings = {
				ALWAYS_EMBED_SWIFT_STANDARD_LIBRARIES = YES;
				BUNDLE_LOADER = "$(TEST_HOST)";
				DEVELOPMENT_TEAM = U4ZF26AC74;
				INFOPLIST_FILE = PantheonAuctionHouseTests/Info.plist;
				LD_RUNPATH_SEARCH_PATHS = "$(inherited) @executable_path/Frameworks @loader_path/Frameworks";
				PRODUCT_BUNDLE_IDENTIFIER = com.PantheonAuctionHouse.PantheonAuctionHouseTests;
				PRODUCT_NAME = "$(TARGET_NAME)";
				SWIFT_VERSION = 3.0;
				TEST_HOST = "$(BUILT_PRODUCTS_DIR)/PantheonAuctionHouse.app/PantheonAuctionHouse";
			};
			name = Release;
		};
		C4CF873F1F2E89C30073EAA5 /* Debug */ = {
			isa = XCBuildConfiguration;
			baseConfigurationReference = 8BE0B758DDBA8E17A209FFB3 /* Pods-PantheonAuctionHouseUITests.debug.xcconfig */;
			buildSettings = {
				ALWAYS_EMBED_SWIFT_STANDARD_LIBRARIES = YES;
				DEVELOPMENT_TEAM = U4ZF26AC74;
				INFOPLIST_FILE = PantheonAuctionHouseUITests/Info.plist;
				LD_RUNPATH_SEARCH_PATHS = "$(inherited) @executable_path/Frameworks @loader_path/Frameworks";
				PRODUCT_BUNDLE_IDENTIFIER = com.PantheonAuctionHouse.PantheonAuctionHouseUITests;
				PRODUCT_NAME = "$(TARGET_NAME)";
				SWIFT_VERSION = 3.0;
				TEST_TARGET_NAME = PantheonAuctionHouse;
			};
			name = Debug;
		};
		C4CF87401F2E89C30073EAA5 /* Release */ = {
			isa = XCBuildConfiguration;
			baseConfigurationReference = B40F9793FB894C8C36826AEB /* Pods-PantheonAuctionHouseUITests.release.xcconfig */;
			buildSettings = {
				ALWAYS_EMBED_SWIFT_STANDARD_LIBRARIES = YES;
				DEVELOPMENT_TEAM = U4ZF26AC74;
				INFOPLIST_FILE = PantheonAuctionHouseUITests/Info.plist;
				LD_RUNPATH_SEARCH_PATHS = "$(inherited) @executable_path/Frameworks @loader_path/Frameworks";
				PRODUCT_BUNDLE_IDENTIFIER = com.PantheonAuctionHouse.PantheonAuctionHouseUITests;
				PRODUCT_NAME = "$(TARGET_NAME)";
				SWIFT_VERSION = 3.0;
				TEST_TARGET_NAME = PantheonAuctionHouse;
			};
			name = Release;
		};
/* End XCBuildConfiguration section */

/* Begin XCConfigurationList section */
		C4CF87091F2E89C20073EAA5 /* Build configuration list for PBXProject "PantheonAuctionHouse" */ = {
			isa = XCConfigurationList;
			buildConfigurations = (
				C4CF87361F2E89C30073EAA5 /* Debug */,
				C4CF87371F2E89C30073EAA5 /* Release */,
			);
			defaultConfigurationIsVisible = 0;
			defaultConfigurationName = Release;
		};
		C4CF87381F2E89C30073EAA5 /* Build configuration list for PBXNativeTarget "PantheonAuctionHouse" */ = {
			isa = XCConfigurationList;
			buildConfigurations = (
				C4CF87391F2E89C30073EAA5 /* Debug */,
				C4CF873A1F2E89C30073EAA5 /* Release */,
			);
			defaultConfigurationIsVisible = 0;
			defaultConfigurationName = Release;
		};
		C4CF873B1F2E89C30073EAA5 /* Build configuration list for PBXNativeTarget "PantheonAuctionHouseTests" */ = {
			isa = XCConfigurationList;
			buildConfigurations = (
				C4CF873C1F2E89C30073EAA5 /* Debug */,
				C4CF873D1F2E89C30073EAA5 /* Release */,
			);
			defaultConfigurationIsVisible = 0;
			defaultConfigurationName = Release;
		};
		C4CF873E1F2E89C30073EAA5 /* Build configuration list for PBXNativeTarget "PantheonAuctionHouseUITests" */ = {
			isa = XCConfigurationList;
			buildConfigurations = (
				C4CF873F1F2E89C30073EAA5 /* Debug */,
				C4CF87401F2E89C30073EAA5 /* Release */,
			);
			defaultConfigurationIsVisible = 0;
			defaultConfigurationName = Release;
		};
/* End XCConfigurationList section */
	};
	rootObject = C4CF87061F2E89C20073EAA5 /* Project object */;
}
